
Microsoft Visual Studio Solution File, Format Version 12.00
# Visual Studio Version 17
VisualStudioVersion = 17.4.33205.214
MinimumVisualStudioVersion = 10.0.40219.1
Project("{8BC9CEB8-8B4A-11D0-8D11-00A0C91BC942}") = "std_forward", "std_forward\std_forward.vcxproj", "{A07CBE4D-CC22-4E9B-864A-7909424FF991}"
EndProject
Project("{8BC9CEB8-8B4A-11D0-8D11-00A0C91BC942}") = "std_is_copy_assignable", "std_is_copy_assignable\std_is_copy_assignable.vcxproj", "{C74C3865-B7C1-4303-9F97-3DDFFCE03DEE}"
EndProject
Project("{8BC9CEB8-8B4A-11D0-8D11-00A0C91BC942}") = "std_optional", "std_optional\std_optional.vcxproj", "{228B2696-4393-4701-A457-05ED284EBF60}"
EndProject
Project("{8BC9CEB8-8B4A-11D0-8D11-00A0C91BC942}") = "std_variant", "std_variant\std_variant.vcxproj", "{66003491-9DF6-44A3-84FD-28520537E4F2}"
EndProject
Project("{8BC9CEB8-8B4A-11D0-8D11-00A0C91BC942}") = "std_views", "std_views\std_views.vcxproj", "{14068A9E-79AB-400A-8F1C-F0AFC03B29C1}"
EndProject
Project("{8BC9CEB8-8B4A-11D0-8D11-00A0C91BC942}") = "consteval_constexpr", "consteval_constexpr\consteval_constexpr.vcxproj", "{41B392D5-DB7C-4217-80D4-FA3898C15C2B}"
EndProject
Project("{8BC9CEB8-8B4A-11D0-8D11-00A0C91BC942}") = "std_async", "std_async\std_async.vcxproj", "{5940A5AF-0076-463A-B4EC-3A922698D87F}"
EndProject
Project("{8BC9CEB8-8B4A-11D0-8D11-00A0C91BC942}") = "std_unique_ptr", "std_unique_ptr\std_unique_ptr.vcxproj", "{90D08C32-90A6-4034-AFF2-BBF5CFCACDA9}"
EndProject
Project("{8BC9CEB8-8B4A-11D0-8D11-00A0C91BC942}") = "std_span", "std_span\std_span.vcxproj", "{D1FE798B-0F8C-46A6-B47F-29DDD67FCA93}"
EndProject
Project("{8BC9CEB8-8B4A-11D0-8D11-00A0C91BC942}") = "std_is_arithmetic", "std_is_arithmetic\std_is_arithmetic.vcxproj", "{DD6BF7BD-3C69-4B01-8BD0-9DF78B47075D}"
EndProject
Global
	GlobalSection(SolutionConfigurationPlatforms) = preSolution
		Debug|x64 = Debug|x64
		Debug|x86 = Debug|x86
		Release|x64 = Release|x64
		Release|x86 = Release|x86
	EndGlobalSection
	GlobalSection(ProjectConfigurationPlatforms) = postSolution
		{A07CBE4D-CC22-4E9B-864A-7909424FF991}.Debug|x64.ActiveCfg = Debug|x64
		{A07CBE4D-CC22-4E9B-864A-7909424FF991}.Debug|x64.Build.0 = Debug|x64
		{A07CBE4D-CC22-4E9B-864A-7909424FF991}.Debug|x86.ActiveCfg = Debug|Win32
		{A07CBE4D-CC22-4E9B-864A-7909424FF991}.Debug|x86.Build.0 = Debug|Win32
		{A07CBE4D-CC22-4E9B-864A-7909424FF991}.Release|x64.ActiveCfg = Release|x64
		{A07CBE4D-CC22-4E9B-864A-7909424FF991}.Release|x64.Build.0 = Release|x64
		{A07CBE4D-CC22-4E9B-864A-7909424FF991}.Release|x86.ActiveCfg = Release|Win32
		{A07CBE4D-CC22-4E9B-864A-7909424FF991}.Release|x86.Build.0 = Release|Win32
		{C74C3865-B7C1-4303-9F97-3DDFFCE03DEE}.Debug|x64.ActiveCfg = Debug|x64
		{C74C3865-B7C1-4303-9F97-3DDFFCE03DEE}.Debug|x64.Build.0 = Debug|x64
		{C74C3865-B7C1-4303-9F97-3DDFFCE03DEE}.Debug|x86.ActiveCfg = Debug|Win32
		{C74C3865-B7C1-4303-9F97-3DDFFCE03DEE}.Debug|x86.Build.0 = Debug|Win32
		{C74C3865-B7C1-4303-9F97-3DDFFCE03DEE}.Release|x64.ActiveCfg = Release|x64
		{C74C3865-B7C1-4303-9F97-3DDFFCE03DEE}.Release|x64.Build.0 = Release|x64
		{C74C3865-B7C1-4303-9F97-3DDFFCE03DEE}.Release|x86.ActiveCfg = Release|Win32
		{C74C3865-B7C1-4303-9F97-3DDFFCE03DEE}.Release|x86.Build.0 = Release|Win32
		{228B2696-4393-4701-A457-05ED284EBF60}.Debug|x64.ActiveCfg = Debug|x64
		{228B2696-4393-4701-A457-05ED284EBF60}.Debug|x64.Build.0 = Debug|x64
		{228B2696-4393-4701-A457-05ED284EBF60}.Debug|x86.ActiveCfg = Debug|Win32
		{228B2696-4393-4701-A457-05ED284EBF60}.Debug|x86.Build.0 = Debug|Win32
		{228B2696-4393-4701-A457-05ED284EBF60}.Release|x64.ActiveCfg = Release|x64
		{228B2696-4393-4701-A457-05ED284EBF60}.Release|x64.Build.0 = Release|x64
		{228B2696-4393-4701-A457-05ED284EBF60}.Release|x86.ActiveCfg = Release|Win32
		{228B2696-4393-4701-A457-05ED284EBF60}.Release|x86.Build.0 = Release|Win32
		{66003491-9DF6-44A3-84FD-28520537E4F2}.Debug|x64.ActiveCfg = Debug|x64
		{66003491-9DF6-44A3-84FD-28520537E4F2}.Debug|x64.Build.0 = Debug|x64
		{66003491-9DF6-44A3-84FD-28520537E4F2}.Debug|x86.ActiveCfg = Debug|Win32
		{66003491-9DF6-44A3-84FD-28520537E4F2}.Debug|x86.Build.0 = Debug|Win32
		{66003491-9DF6-44A3-84FD-28520537E4F2}.Release|x64.ActiveCfg = Release|x64
		{66003491-9DF6-44A3-84FD-28520537E4F2}.Release|x64.Build.0 = Release|x64
		{66003491-9DF6-44A3-84FD-28520537E4F2}.Release|x86.ActiveCfg = Release|Win32
		{66003491-9DF6-44A3-84FD-28520537E4F2}.Release|x86.Build.0 = Release|Win32
		{14068A9E-79AB-400A-8F1C-F0AFC03B29C1}.Debug|x64.ActiveCfg = Debug|x64
		{14068A9E-79AB-400A-8F1C-F0AFC03B29C1}.Debug|x64.Build.0 = Debug|x64
		{14068A9E-79AB-400A-8F1C-F0AFC03B29C1}.Debug|x86.ActiveCfg = Debug|Win32
		{14068A9E-79AB-400A-8F1C-F0AFC03B29C1}.Debug|x86.Build.0 = Debug|Win32
		{14068A9E-79AB-400A-8F1C-F0AFC03B29C1}.Release|x64.ActiveCfg = Release|x64
		{14068A9E-79AB-400A-8F1C-F0AFC03B29C1}.Release|x64.Build.0 = Release|x64
		{14068A9E-79AB-400A-8F1C-F0AFC03B29C1}.Release|x86.ActiveCfg = Release|Win32
		{14068A9E-79AB-400A-8F1C-F0AFC03B29C1}.Release|x86.Build.0 = Release|Win32
		{41B392D5-DB7C-4217-80D4-FA3898C15C2B}.Debug|x64.ActiveCfg = Debug|x64
		{41B392D5-DB7C-4217-80D4-FA3898C15C2B}.Debug|x64.Build.0 = Debug|x64
		{41B392D5-DB7C-4217-80D4-FA3898C15C2B}.Debug|x86.ActiveCfg = Debug|Win32
		{41B392D5-DB7C-4217-80D4-FA3898C15C2B}.Debug|x86.Build.0 = Debug|Win32
		{41B392D5-DB7C-4217-80D4-FA3898C15C2B}.Release|x64.ActiveCfg = Release|x64
		{41B392D5-DB7C-4217-80D4-FA3898C15C2B}.Release|x64.Build.0 = Release|x64
		{41B392D5-DB7C-4217-80D4-FA3898C15C2B}.Release|x86.ActiveCfg = Release|Win32
		{41B392D5-DB7C-4217-80D4-FA3898C15C2B}.Release|x86.Build.0 = Release|Win32
		{5940A5AF-0076-463A-B4EC-3A922698D87F}.Debug|x64.ActiveCfg = Debug|x64
		{5940A5AF-0076-463A-B4EC-3A922698D87F}.Debug|x64.Build.0 = Debug|x64
		{5940A5AF-0076-463A-B4EC-3A922698D87F}.Debug|x86.ActiveCfg = Debug|Win32
		{5940A5AF-0076-463A-B4EC-3A922698D87F}.Debug|x86.Build.0 = Debug|Win32
		{5940A5AF-0076-463A-B4EC-3A922698D87F}.Release|x64.ActiveCfg = Release|x64
		{5940A5AF-0076-463A-B4EC-3A922698D87F}.Release|x64.Build.0 = Release|x64
		{5940A5AF-0076-463A-B4EC-3A922698D87F}.Release|x86.ActiveCfg = Release|Win32
		{5940A5AF-0076-463A-B4EC-3A922698D87F}.Release|x86.Build.0 = Release|Win32
		{90D08C32-90A6-4034-AFF2-BBF5CFCACDA9}.Debug|x64.ActiveCfg = Debug|x64
		{90D08C32-90A6-4034-AFF2-BBF5CFCACDA9}.Debug|x64.Build.0 = Debug|x64
		{90D08C32-90A6-4034-AFF2-BBF5CFCACDA9}.Debug|x86.ActiveCfg = Debug|Win32
		{90D08C32-90A6-4034-AFF2-BBF5CFCACDA9}.Debug|x86.Build.0 = Debug|Win32
		{90D08C32-90A6-4034-AFF2-BBF5CFCACDA9}.Release|x64.ActiveCfg = Release|x64
		{90D08C32-90A6-4034-AFF2-BBF5CFCACDA9}.Release|x64.Build.0 = Release|x64
		{90D08C32-90A6-4034-AFF2-BBF5CFCACDA9}.Release|x86.ActiveCfg = Release|Win32
		{90D08C32-90A6-4034-AFF2-BBF5CFCACDA9}.Release|x86.Build.0 = Release|Win32
		{D1FE798B-0F8C-46A6-B47F-29DDD67FCA93}.Debug|x64.ActiveCfg = Debug|x64
		{D1FE798B-0F8C-46A6-B47F-29DDD67FCA93}.Debug|x64.Build.0 = Debug|x64
		{D1FE798B-0F8C-46A6-B47F-29DDD67FCA93}.Debug|x86.ActiveCfg = Debug|Win32
		{D1FE798B-0F8C-46A6-B47F-29DDD67FCA93}.Debug|x86.Build.0 = Debug|Win32
		{D1FE798B-0F8C-46A6-B47F-29DDD67FCA93}.Release|x64.ActiveCfg = Release|x64
		{D1FE798B-0F8C-46A6-B47F-29DDD67FCA93}.Release|x64.Build.0 = Release|x64
		{D1FE798B-0F8C-46A6-B47F-29DDD67FCA93}.Release|x86.ActiveCfg = Release|Win32
		{D1FE798B-0F8C-46A6-B47F-29DDD67FCA93}.Release|x86.Build.0 = Release|Win32
		{DD6BF7BD-3C69-4B01-8BD0-9DF78B47075D}.Debug|x64.ActiveCfg = Debug|x64
		{DD6BF7BD-3C69-4B01-8BD0-9DF78B47075D}.Debug|x64.Build.0 = Debug|x64
		{DD6BF7BD-3C69-4B01-8BD0-9DF78B47075D}.Debug|x86.ActiveCfg = Debug|Win32
		{DD6BF7BD-3C69-4B01-8BD0-9DF78B47075D}.Debug|x86.Build.0 = Debug|Win32
		{DD6BF7BD-3C69-4B01-8BD0-9DF78B47075D}.Release|x64.ActiveCfg = Release|x64
		{DD6BF7BD-3C69-4B01-8BD0-9DF78B47075D}.Release|x64.Build.0 = Release|x64
		{DD6BF7BD-3C69-4B01-8BD0-9DF78B47075D}.Release|x86.ActiveCfg = Release|Win32
		{DD6BF7BD-3C69-4B01-8BD0-9DF78B47075D}.Release|x86.Build.0 = Release|Win32
	EndGlobalSection
	GlobalSection(SolutionProperties) = preSolution
		HideSolutionNode = FALSE
	EndGlobalSection
	GlobalSection(ExtensibilityGlobals) = postSolution
		SolutionGuid = {442A2ECA-8F87-44E2-B6AC-CB39F133EC70}
	EndGlobalSection
EndGlobal
